
Microsoft Visual Studio Solution File, Format Version 12.00
# Visual Studio Version 16
VisualStudioVersion = 16.0.29613.14
MinimumVisualStudioVersion = 10.0.40219.1
Project("{9A19103F-16F7-4668-BE54-9A1E7A4F7556}") = "MailSender", "MailSender\MailSender.csproj", "{54D0A457-67A5-4E54-8930-51E97C14916C}"
EndProject
Project("{2150E333-8FDC-42A3-9474-1A3956D46DE8}") = "Test", "Test", "{3F331B4C-DE4C-46ED-9575-7EF439D3B299}"
EndProject
Project("{9A19103F-16F7-4668-BE54-9A1E7A4F7556}") = "WpfTestMailSender", "Test\WpfTestMailSender\WpfTestMailSender.csproj", "{305CF52A-EC85-49ED-825D-DAA1F78036FF}"
EndProject
Project("{9A19103F-16F7-4668-BE54-9A1E7A4F7556}") = "MailSender.Library", "MailSender.Library\MailSender.Library.csproj", "{FC2EB9FC-1814-499C-B242-930DB016F278}"
EndProject
Project("{FAE04EC0-301F-11D3-BF4B-00C04F79EFBC}") = "MailSender.Library.Tests", "Tests\MailSender.Library.Tests\MailSender.Library.Tests.csproj", "{9A6449F5-3673-42E8-9C1E-9D21CB50E32F}"
EndProject
Global
	GlobalSection(SolutionConfigurationPlatforms) = preSolution
		Debug|Any CPU = Debug|Any CPU
		Release|Any CPU = Release|Any CPU
	EndGlobalSection
	GlobalSection(ProjectConfigurationPlatforms) = postSolution
		{54D0A457-67A5-4E54-8930-51E97C14916C}.Debug|Any CPU.ActiveCfg = Debug|Any CPU
		{54D0A457-67A5-4E54-8930-51E97C14916C}.Debug|Any CPU.Build.0 = Debug|Any CPU
		{54D0A457-67A5-4E54-8930-51E97C14916C}.Release|Any CPU.ActiveCfg = Release|Any CPU
		{54D0A457-67A5-4E54-8930-51E97C14916C}.Release|Any CPU.Build.0 = Release|Any CPU
		{305CF52A-EC85-49ED-825D-DAA1F78036FF}.Debug|Any CPU.ActiveCfg = Debug|Any CPU
		{305CF52A-EC85-49ED-825D-DAA1F78036FF}.Debug|Any CPU.Build.0 = Debug|Any CPU
		{305CF52A-EC85-49ED-825D-DAA1F78036FF}.Release|Any CPU.ActiveCfg = Release|Any CPU
		{305CF52A-EC85-49ED-825D-DAA1F78036FF}.Release|Any CPU.Build.0 = Release|Any CPU
		{FC2EB9FC-1814-499C-B242-930DB016F278}.Debug|Any CPU.ActiveCfg = Debug|Any CPU
		{FC2EB9FC-1814-499C-B242-930DB016F278}.Debug|Any CPU.Build.0 = Debug|Any CPU
		{FC2EB9FC-1814-499C-B242-930DB016F278}.Release|Any CPU.ActiveCfg = Release|Any CPU
		{FC2EB9FC-1814-499C-B242-930DB016F278}.Release|Any CPU.Build.0 = Release|Any CPU
		{9A6449F5-3673-42E8-9C1E-9D21CB50E32F}.Debug|Any CPU.ActiveCfg = Debug|Any CPU
		{9A6449F5-3673-42E8-9C1E-9D21CB50E32F}.Debug|Any CPU.Build.0 = Debug|Any CPU
		{9A6449F5-3673-42E8-9C1E-9D21CB50E32F}.Release|Any CPU.ActiveCfg = Release|Any CPU
		{9A6449F5-3673-42E8-9C1E-9D21CB50E32F}.Release|Any CPU.Build.0 = Release|Any CPU
	EndGlobalSection
	GlobalSection(SolutionProperties) = preSolution
		HideSolutionNode = FALSE
	EndGlobalSection
	GlobalSection(NestedProjects) = preSolution
		{305CF52A-EC85-49ED-825D-DAA1F78036FF} = {3F331B4C-DE4C-46ED-9575-7EF439D3B299}
		{9A6449F5-3673-42E8-9C1E-9D21CB50E32F} = {3F331B4C-DE4C-46ED-9575-7EF439D3B299}
	EndGlobalSection
	GlobalSection(ExtensibilityGlobals) = postSolution
		SolutionGuid = {DD24FA5C-C5E3-478D-BAAD-999BD56FFA60}
	EndGlobalSection
EndGlobal
